
Microsoft Visual Studio Solution File, Format Version 12.00
# Visual Studio Version 17
VisualStudioVersion = 17.8.34525.116
MinimumVisualStudioVersion = 10.0.40219.1
Project("{2150E333-8FDC-42A3-9474-1A3956D46DE8}") = "FrontEnd", "FrontEnd", "{867B515A-F078-4C71-B247-4AC8C5C7EBC6}"
EndProject
Project("{2150E333-8FDC-42A3-9474-1A3956D46DE8}") = "Gateway", "Gateway", "{134E7717-3300-4961-A1F7-13E439402C03}"
EndProject
Project("{2150E333-8FDC-42A3-9474-1A3956D46DE8}") = "Integration", "Integration", "{CFC68744-DB67-4F9F-A0E8-ABE1B92C8A40}"
EndProject
Project("{2150E333-8FDC-42A3-9474-1A3956D46DE8}") = "Services", "Services", "{B8B65C26-7512-4033-99B9-DB90EBA6E12E}"
EndProject
Project("{9A19103F-16F7-4668-BE54-9A1E7A4F7556}") = "Mango.Services.CouponAPI", "Mango.Services.CouponAPI\Mango.Services.CouponAPI.csproj", "{3C404CEF-69D1-490F-9B46-3EA5320FFF48}"
EndProject
Project("{9A19103F-16F7-4668-BE54-9A1E7A4F7556}") = "Mango.Web", "Mango.Web\Mango.Web.csproj", "{D3E11339-D245-46A2-9433-71DD9266D5FA}"
EndProject
Project("{FAE04EC0-301F-11D3-BF4B-00C04F79EFBC}") = "Mango.Services.AuthAPI", "Mango.Services.AuthAPI\Mango.Services.AuthAPI.csproj", "{5A1F7A54-21FA-40B7-A65F-A62FE9AE1EE1}"
EndProject
Global
	GlobalSection(SolutionConfigurationPlatforms) = preSolution
		Debug|Any CPU = Debug|Any CPU
		Release|Any CPU = Release|Any CPU
	EndGlobalSection
	GlobalSection(ProjectConfigurationPlatforms) = postSolution
		{3C404CEF-69D1-490F-9B46-3EA5320FFF48}.Debug|Any CPU.ActiveCfg = Debug|Any CPU
		{3C404CEF-69D1-490F-9B46-3EA5320FFF48}.Debug|Any CPU.Build.0 = Debug|Any CPU
		{3C404CEF-69D1-490F-9B46-3EA5320FFF48}.Release|Any CPU.ActiveCfg = Release|Any CPU
		{3C404CEF-69D1-490F-9B46-3EA5320FFF48}.Release|Any CPU.Build.0 = Release|Any CPU
		{D3E11339-D245-46A2-9433-71DD9266D5FA}.Debug|Any CPU.ActiveCfg = Debug|Any CPU
		{D3E11339-D245-46A2-9433-71DD9266D5FA}.Debug|Any CPU.Build.0 = Debug|Any CPU
		{D3E11339-D245-46A2-9433-71DD9266D5FA}.Release|Any CPU.ActiveCfg = Release|Any CPU
		{D3E11339-D245-46A2-9433-71DD9266D5FA}.Release|Any CPU.Build.0 = Release|Any CPU
		{5A1F7A54-21FA-40B7-A65F-A62FE9AE1EE1}.Debug|Any CPU.ActiveCfg = Debug|Any CPU
		{5A1F7A54-21FA-40B7-A65F-A62FE9AE1EE1}.Debug|Any CPU.Build.0 = Debug|Any CPU
		{5A1F7A54-21FA-40B7-A65F-A62FE9AE1EE1}.Release|Any CPU.ActiveCfg = Release|Any CPU
		{5A1F7A54-21FA-40B7-A65F-A62FE9AE1EE1}.Release|Any CPU.Build.0 = Release|Any CPU
	EndGlobalSection
	GlobalSection(SolutionProperties) = preSolution
		HideSolutionNode = FALSE
	EndGlobalSection
	GlobalSection(NestedProjects) = preSolution
		{3C404CEF-69D1-490F-9B46-3EA5320FFF48} = {B8B65C26-7512-4033-99B9-DB90EBA6E12E}
		{D3E11339-D245-46A2-9433-71DD9266D5FA} = {867B515A-F078-4C71-B247-4AC8C5C7EBC6}
		{5A1F7A54-21FA-40B7-A65F-A62FE9AE1EE1} = {B8B65C26-7512-4033-99B9-DB90EBA6E12E}
	EndGlobalSection
	GlobalSection(ExtensibilityGlobals) = postSolution
		SolutionGuid = {DDAFBBB4-81FA-4E87-A32D-C62DC34A40EF}
	EndGlobalSection
EndGlobal
